
Microsoft Visual Studio Solution File, Format Version 12.00
# Visual Studio Version 17
VisualStudioVersion = 17.9.34616.47
MinimumVisualStudioVersion = 10.0.40219.1
Project("{FAE04EC0-301F-11D3-BF4B-00C04F79EFBC}") = "BasicCrud", "BasicCrud\BasicCrud.csproj", "{A7A0EA96-8496-4842-9F77-4EF5BC7EE4EC}"
EndProject
Global
	GlobalSection(SolutionConfigurationPlatforms) = preSolution
		Debug|Any CPU = Debug|Any CPU
		Release|Any CPU = Release|Any CPU
	EndGlobalSection
	GlobalSection(ProjectConfigurationPlatforms) = postSolution
		{A7A0EA96-8496-4842-9F77-4EF5BC7EE4EC}.Debug|Any CPU.ActiveCfg = Debug|Any CPU
		{A7A0EA96-8496-4842-9F77-4EF5BC7EE4EC}.Debug|Any CPU.Build.0 = Debug|Any CPU
		{A7A0EA96-8496-4842-9F77-4EF5BC7EE4EC}.Release|Any CPU.ActiveCfg = Release|Any CPU
		{A7A0EA96-8496-4842-9F77-4EF5BC7EE4EC}.Release|Any CPU.Build.0 = Release|Any CPU
	EndGlobalSection
	GlobalSection(SolutionProperties) = preSolution
		HideSolutionNode = FALSE
	EndGlobalSection
	GlobalSection(ExtensibilityGlobals) = postSolution
		SolutionGuid = {77399B6C-2146-435A-8037-B5D8BAEFB548}
	EndGlobalSection
EndGlobal
